# AUTO-GENERATED by 'just update-tools' — do not edit
crane:
  image: dhi.io/crane
  tag: 0-debian13
  digest: sha256:fa3d2031f62d8b87b4096d9bbb745f62cd71b9b83df7f16914dc27c6a84b041b
cosign:
  image: dhi.io/cosign
  tag: 2-debian13
  digest: sha256:62b9b299e835b32e4b55b65dfeb747b34062fa389dd0c5e291ada70c4b3f328a
grype:
  image: dhi.io/grype
  tag: 0-debian13
  digest: sha256:989bdf6b5276f7d828c4f9b7f7ef827afd98d5c5011f90ad43a6f97c1251cbd9
syft:
  image: dhi.io/syft
  tag: 1-debian13
  digest: sha256:5b492ee5f579a646cffa697c0a6eeca541e0a9f9034d382aab35de3f043aa5c0
gitleaks:
  image: dhi.io/gitleaks
  tag: 8-debian13
  digest: sha256:83878a33e4b18f53ba0092daa6321aa37058b23631e80a8069f37baef0b0944f
hugo:
  image: ghcr.io/wellmaintained/hugo
  tag: "0.160.1"
  definition: common/images/hugo/dhi.yaml
  registry: ghcr.io/wellmaintained/hugo
