# AUTO-GENERATED by 'just update-app-images' — do not edit
nginx:
  source: dhi.io/nginx:1.29
  digest: sha256:d457a278247531873df03b7fdaabd96de0b530624f8e72c73d41e6b81c4487dd
python-2.7:
  definition: common/images/python-2.7/dhi.yaml
  registry: ghcr.io/wellmaintained/packages-dhi/python-2.7
senaite-lims:
  definition: apps/senaite/images/senaite-lims/prod.yaml
  registry: ghcr.io/wellmaintained/packages-dhi/senaite-lims
