# AUTO-GENERATED by 'just update-app-images' — do not edit
postgres:
  source: dhi.io/postgres:17
  sbomify_component_id: M8rixM6mMEPe
  digest: sha256:99cb610d5fad22d0603379972d8c271070d32aff8bebe328dfe07d4eb872c72e
redis:
  source: dhi.io/redis:8
  sbomify_component_id: ABBCcw2YiYrG
  digest: sha256:ed5e2e3edeed2962bccb7e6f71cfe1c0b0a6537d6754c8969d6d39c9430f2f03
keycloak:
  source: dhi.io/keycloak:26
  sbomify_component_id: N4agQD8pvej8
  digest: sha256:a46b1aee6d6b5d1c72d114c86482f2ed1befcf1a55cd0c189d552bfdaee51d8f
caddy:
  source: dhi.io/caddy:2
  digest: sha256:a620325bd1c654cae826c8dafd9516c11b58c651aa383a8b4d8e304d731d9619
minio:
  definition: common/images/minio/dhi.yaml
  registry: ghcr.io/wellmaintained/packages-dhi/minio
  sbomify_component_id: PLACEHOLDER_MINIO
sbomify-app:
  definition: apps/sbomify-current/images/sbomify-app/prod.yaml
  registry: ghcr.io/wellmaintained/packages-dhi/sbomify-app
  sbomify_component_id: VP42I4XQgpDE
